<?xml version="1.0" encoding="utf-8"?>
<Project ToolsVersion="4.0" xmlns="http://schemas.microsoft.com/developer/msbuild/2003">
  <ItemGroup>
    <Filter Include="Source Files">
      <UniqueIdentifier>{4FC737F1-C7A5-4376-A066-2A32D752A2FF}</UniqueIdentifier>
      <Extensions>cpp;c;cc;cxx;def;odl;idl;hpj;bat;asm;asmx</Extensions>
    </Filter>
    <Filter Include="Header Files">
      <UniqueIdentifier>{93995380-89BD-4b04-88EB-625FBE52EBFB}</UniqueIdentifier>
      <Extensions>h;hh;hpp;hxx;hm;inl;inc;xsd</Extensions>
    </Filter>
    <Filter Include="Resource Files">
      <UniqueIdentifier>{67DA6AB6-F800-4c08-8B7A-83BB121AAD01}</UniqueIdentifier>
      <Extensions>rc;ico;cur;bmp;dlg;rc2;rct;bin;rgs;gif;jpg;jpeg;jpe;resx;tiff;tif;png;wav;mfcribbon-ms</Extensions>
    </Filter>
  </ItemGroup>
  <ItemGroup>
    <Text Include="percolation\greeting57.txt">
      <Filter>Resource Files</Filter>
    </Text>
    <Text Include="percolation\heart25.txt">
      <Filter>Resource Files</Filter>
    </Text>
    <Text Include="percolation\input1.txt">
      <Filter>Resource Files</Filter>
    </Text>
    <Text Include="percolation\input1-no.txt">
      <Filter>Resource Files</Filter>
    </Text>
    <Text Include="percolation\input2.txt">
      <Filter>Resource Files</Filter>
    </Text>
    <Text Include="percolation\input2-no.txt">
      <Filter>Resource Files</Filter>
    </Text>
    <Text Include="percolation\input3.txt">
      <Filter>Resource Files</Filter>
    </Text>
    <Text Include="percolation\input4.txt">
      <Filter>Resource Files</Filter>
    </Text>
    <Text Include="percolation\input5.txt">
      <Filter>Resource Files</Filter>
    </Text>
    <Text Include="percolation\input6.txt">
      <Filter>Resource Files</Filter>
    </Text>
    <Text Include="percolation\input7.txt">
      <Filter>Resource Files</Filter>
    </Text>
    <Text Include="percolation\input8.txt">
      <Filter>Resource Files</Filter>
    </Text>
    <Text Include="percolation\input8-dups.txt">
      <Filter>Resource Files</Filter>
    </Text>
    <Text Include="percolation\input8-no.txt">
      <Filter>Resource Files</Filter>
    </Text>
    <Text Include="percolation\input10.txt">
      <Filter>Resource Files</Filter>
    </Text>
    <Text Include="percolation\input10-no.txt">
      <Filter>Resource Files</Filter>
    </Text>
    <Text Include="percolation\input20.txt">
      <Filter>Resource Files</Filter>
    </Text>
    <Text Include="percolation\input50.txt">
      <Filter>Resource Files</Filter>
    </Text>
    <Text Include="percolation\jerry47.txt">
      <Filter>Resource Files</Filter>
    </Text>
    <Text Include="percolation\sedgewick60.txt">
      <Filter>Resource Files</Filter>
    </Text>
    <Text Include="percolation\snake13.txt">
      <Filter>Resource Files</Filter>
    </Text>
    <Text Include="percolation\snake101.txt">
      <Filter>Resource Files</Filter>
    </Text>
    <Text Include="percolation\wayne98.txt">
      <Filter>Resource Files</Filter>
    </Text>
  </ItemGroup>
  <ItemGroup>
    <ClInclude Include="stdafx.h">
      <Filter>Header Files</Filter>
    </ClInclude>
    <ClInclude Include="targetver.h">
      <Filter>Header Files</Filter>
    </ClInclude>
  </ItemGroup>
  <ItemGroup>
    <ClCompile Include="stdafx.cpp">
      <Filter>Source Files</Filter>
    </ClCompile>
    <ClCompile Include="UnionFind.cpp">
      <Filter>Source Files</Filter>
    </ClCompile>
  </ItemGroup>
  <ItemGroup>
    <Image Include="percolation\greeting57.png">
      <Filter>Resource Files</Filter>
    </Image>
    <Image Include="percolation\heart25.png">
      <Filter>Resource Files</Filter>
    </Image>
    <Image Include="percolation\input1.png">
      <Filter>Resource Files</Filter>
    </Image>
    <Image Include="percolation\input1-no.png">
      <Filter>Resource Files</Filter>
    </Image>
    <Image Include="percolation\input2.png">
      <Filter>Resource Files</Filter>
    </Image>
    <Image Include="percolation\input2-no.png">
      <Filter>Resource Files</Filter>
    </Image>
    <Image Include="percolation\input3.png">
      <Filter>Resource Files</Filter>
    </Image>
    <Image Include="percolation\input4.png">
      <Filter>Resource Files</Filter>
    </Image>
    <Image Include="percolation\input5.png">
      <Filter>Resource Files</Filter>
    </Image>
    <Image Include="percolation\input6.png">
      <Filter>Resource Files</Filter>
    </Image>
    <Image Include="percolation\input7.png">
      <Filter>Resource Files</Filter>
    </Image>
    <Image Include="percolation\input8.png">
      <Filter>Resource Files</Filter>
    </Image>
    <Image Include="percolation\input8-dups.png">
      <Filter>Resource Files</Filter>
    </Image>
    <Image Include="percolation\input8-no.png">
      <Filter>Resource Files</Filter>
    </Image>
    <Image Include="percolation\input10.png">
      <Filter>Resource Files</Filter>
    </Image>
    <Image Include="percolation\input10-no.png">
      <Filter>Resource Files</Filter>
    </Image>
    <Image Include="percolation\input20.png">
      <Filter>Resource Files</Filter>
    </Image>
    <Image Include="percolation\input50.png">
      <Filter>Resource Files</Filter>
    </Image>
    <Image Include="percolation\jerry47.png">
      <Filter>Resource Files</Filter>
    </Image>
    <Image Include="percolation\sedgewick60.png">
      <Filter>Resource Files</Filter>
    </Image>
    <Image Include="percolation\snake13.png">
      <Filter>Resource Files</Filter>
    </Image>
    <Image Include="percolation\snake101.png">
      <Filter>Resource Files</Filter>
    </Image>
    <Image Include="percolation\wayne98.png">
      <Filter>Resource Files</Filter>
    </Image>
  </ItemGroup>
</Project>